// !$*UTF8*$!
{
	archiveVersion = 1;
	classes = {
	};
	objectVersion = 46;
	objects = {

/* Begin PBXBuildFile section */
		1734E00A1E67FE4500712ED0 /* main.m in Sources */ = {isa = PBXBuildFile; fileRef = 1734E0091E67FE4500712ED0 /* main.m */; };
		1734E00D1E67FE4500712ED0 /* AppDelegate.m in Sources */ = {isa = PBXBuildFile; fileRef = 1734E00C1E67FE4500712ED0 /* AppDelegate.m */; };
		1734E0101E67FE4500712ED0 /* ViewController.m in Sources */ = {isa = PBXBuildFile; fileRef = 1734E00F1E67FE4500712ED0 /* ViewController.m */; };
		1734E0151E67FE4500712ED0 /* Assets.xcassets in Resources */ = {isa = PBXBuildFile; fileRef = 1734E0141E67FE4500712ED0 /* Assets.xcassets */; };
		1734E0181E67FE4500712ED0 /* LaunchScreen.storyboard in Resources */ = {isa = PBXBuildFile; fileRef = 1734E0161E67FE4500712ED0 /* LaunchScreen.storyboard */; };
		1785F1E91E694A2300540342 /* main.js in Resources */ = {isa = PBXBuildFile; fileRef = 1785F1E81E694A2300540342 /* main.js */; };
		83517CDCA9BBF550B5B39135 /* libPods-JSPatchDemo.a in Frameworks */ = {isa = PBXBuildFile; fileRef = 2A2E1ADF3F4DECAB670A85DE /* libPods-JSPatchDemo.a */; };
/* End PBXBuildFile section */

/* Begin PBXFileReference section */
		1734E0051E67FE4500712ED0 /* JSPatchDemo.app */ = {isa = PBXFileReference; explicitFileType = wrapper.application; includeInIndex = 0; path = JSPatchDemo.app; sourceTree = BUILT_PRODUCTS_DIR; };
		1734E0091E67FE4500712ED0 /* main.m */ = {isa = PBXFileReference; lastKnownFileType = sourcecode.c.objc; path = main.m; sourceTree = "<group>"; };
		1734E00B1E67FE4500712ED0 /* AppDelegate.h */ = {isa = PBXFileReference; lastKnownFileType = sourcecode.c.h; path = AppDelegate.h; sourceTree = "<group>"; };
		1734E00C1E67FE4500712ED0 /* AppDelegate.m */ = {isa = PBXFileReference; lastKnownFileType = sourcecode.c.objc; path = AppDelegate.m; sourceTree = "<group>"; };
		1734E00E1E67FE4500712ED0 /* ViewController.h */ = {isa = PBXFileReference; lastKnownFileType = sourcecode.c.h; path = ViewController.h; sourceTree = "<group>"; };
		1734E00F1E67FE4500712ED0 /* ViewController.m */ = {isa = PBXFileReference; lastKnownFileType = sourcecode.c.objc; path = ViewController.m; sourceTree = "<group>"; };
		1734E0141E67FE4500712ED0 /* Assets.xcassets */ = {isa = PBXFileReference; lastKnownFileType = folder.assetcatalog; path = Assets.xcassets; sourceTree = "<group>"; };
		1734E0171E67FE4500712ED0 /* Base */ = {isa = PBXFileReference; lastKnownFileType = file.storyboard; name = Base; path = Base.lproj/LaunchScreen.storyboard; sourceTree = "<group>"; };
		1734E0191E67FE4600712ED0 /* Info.plist */ = {isa = PBXFileReference; lastKnownFileType = text.plist.xml; path = Info.plist; sourceTree = "<group>"; };
		1785F1E81E694A2300540342 /* main.js */ = {isa = PBXFileReference; fileEncoding = 4; lastKnownFileType = sourcecode.javascript; path = main.js; sourceTree = "<group>"; };
		2A2E1ADF3F4DECAB670A85DE /* libPods-JSPatchDemo.a */ = {isa = PBXFileReference; explicitFileType = archive.ar; includeInIndex = 0; path = "libPods-JSPatchDemo.a"; sourceTree = BUILT_PRODUCTS_DIR; };
		4FF825BD5CCD338E5898E12C /* Pods-JSPatchDemo.debug.xcconfig */ = {isa = PBXFileReference; includeInIndex = 1; lastKnownFileType = text.xcconfig; name = "Pods-JSPatchDemo.debug.xcconfig"; path = "Pods/Target Support Files/Pods-JSPatchDemo/Pods-JSPatchDemo.debug.xcconfig"; sourceTree = "<group>"; };
		63598402EB92EB4ADFCF0CF1 /* Pods-JSPatchDemo.release.xcconfig */ = {isa = PBXFileReference; includeInIndex = 1; lastKnownFileType = text.xcconfig; name = "Pods-JSPatchDemo.release.xcconfig"; path = "Pods/Target Support Files/Pods-JSPatchDemo/Pods-JSPatchDemo.release.xcconfig"; sourceTree = "<group>"; };
/* End PBXFileReference section */

/* Begin PBXFrameworksBuildPhase section */
		1734E0021E67FE4500712ED0 /* Frameworks */ = {
			isa = PBXFrameworksBuildPhase;
			buildActionMask = 2147483647;
			files = (
				83517CDCA9BBF550B5B39135 /* libPods-JSPatchDemo.a in Frameworks */,
			);
			runOnlyForDeploymentPostprocessing = 0;
		};
/* End PBXFrameworksBuildPhase section */

/* Begin PBXGroup section */
		1734DFFC1E67FE4500712ED0 = {
			isa = PBXGroup;
			children = (
				1734E0071E67FE4500712ED0 /* JSPatchDemo */,
				1734E0061E67FE4500712ED0 /* Products */,
				EF489DC20BB4DAED048A42B8 /* Pods */,
				9244ECB153D2A51750BDFAC5 /* Frameworks */,
			);
			sourceTree = "<group>";
		};
		1734E0061E67FE4500712ED0 /* Products */ = {
			isa = PBXGroup;
			children = (
				1734E0051E67FE4500712ED0 /* JSPatchDemo.app */,
			);
			name = Products;
			sourceTree = "<group>";
		};
		1734E0071E67FE4500712ED0 /* JSPatchDemo */ = {
			isa = PBXGroup;
			children = (
				1785F1E81E694A2300540342 /* main.js */,
				1734E00B1E67FE4500712ED0 /* AppDelegate.h */,
				1734E00C1E67FE4500712ED0 /* AppDelegate.m */,
				1734E00E1E67FE4500712ED0 /* ViewController.h */,
				1734E00F1E67FE4500712ED0 /* ViewController.m */,
				1734E0141E67FE4500712ED0 /* Assets.xcassets */,
				1734E0161E67FE4500712ED0 /* LaunchScreen.storyboard */,
				1734E0191E67FE4600712ED0 /* Info.plist */,
				1734E0081E67FE4500712ED0 /* Supporting Files */,
			);
			path = JSPatchDemo;
			sourceTree = "<group>";
		};
		1734E0081E67FE4500712ED0 /* Supporting Files */ = {
			isa = PBXGroup;
			children = (
				1734E0091E67FE4500712ED0 /* main.m */,
			);
			name = "Supporting Files";
			sourceTree = "<group>";
		};
		9244ECB153D2A51750BDFAC5 /* Frameworks */ = {
			isa = PBXGroup;
			children = (
				2A2E1ADF3F4DECAB670A85DE /* libPods-JSPatchDemo.a */,
			);
			name = Frameworks;
			sourceTree = "<group>";
		};
		EF489DC20BB4DAED048A42B8 /* Pods */ = {
			isa = PBXGroup;
			children = (
				4FF825BD5CCD338E5898E12C /* Pods-JSPatchDemo.debug.xcconfig */,
				63598402EB92EB4ADFCF0CF1 /* Pods-JSPatchDemo.release.xcconfig */,
			);
			name = Pods;
			sourceTree = "<group>";
		};
/* End PBXGroup section */

/* Begin PBXNativeTarget section */
		1734E0041E67FE4500712ED0 /* JSPatchDemo */ = {
			isa = PBXNativeTarget;
			buildConfigurationList = 1734E01C1E67FE4600712ED0 /* Build configuration list for PBXNativeTarget "JSPatchDemo" */;
			buildPhases = (
				C04B6458D80C640B0B4F243B /* [CP] Check Pods Manifest.lock */,
				1734E0011E67FE4500712ED0 /* Sources */,
				1734E0021E67FE4500712ED0 /* Frameworks */,
				1734E0031E67FE4500712ED0 /* Resources */,
				675D68E7DD46B09B534F75E0 /* [CP] Embed Pods Frameworks */,
				8FA4627BA519CE6E2A0E976F /* [CP] Copy Pods Resources */,
			);
			buildRules = (
			);
			dependencies = (
			);
			name = JSPatchDemo;
			productName = JSPatchDemo;
			productReference = 1734E0051E67FE4500712ED0 /* JSPatchDemo.app */;
			productType = "com.apple.product-type.application";
		};
/* End PBXNativeTarget section */

/* Begin PBXProject section */
		1734DFFD1E67FE4500712ED0 /* Project object */ = {
			isa = PBXProject;
			attributes = {
				LastUpgradeCheck = 0820;
				ORGANIZATIONNAME = libertyAir;
				TargetAttributes = {
					1734E0041E67FE4500712ED0 = {
						CreatedOnToolsVersion = 8.2.1;
						DevelopmentTeam = NDN26Z77AT;
						ProvisioningStyle = Automatic;
					};
				};
			};
			buildConfigurationList = 1734E0001E67FE4500712ED0 /* Build configuration list for PBXProject "JSPatchDemo" */;
			compatibilityVersion = "Xcode 3.2";
			developmentRegion = English;
			hasScannedForEncodings = 0;
			knownRegions = (
				en,
				Base,
			);
			mainGroup = 1734DFFC1E67FE4500712ED0;
			productRefGroup = 1734E0061E67FE4500712ED0 /* Products */;
			projectDirPath = "";
			projectRoot = "";
			targets = (
				1734E0041E67FE4500712ED0 /* JSPatchDemo */,
			);
		};
/* End PBXProject section */

/* Begin PBXResourcesBuildPhase section */
		1734E0031E67FE4500712ED0 /* Resources */ = {
			isa = PBXResourcesBuildPhase;
			buildActionMask = 2147483647;
			files = (
				1785F1E91E694A2300540342 /* main.js in Resources */,
				1734E0181E67FE4500712ED0 /* LaunchScreen.storyboard in Resources */,
				1734E0151E67FE4500712ED0 /* Assets.xcassets in Resources */,
			);
			runOnlyForDeploymentPostprocessing = 0;
		};
/* End PBXResourcesBuildPhase section */

/* Begin PBXShellScriptBuildPhase section */
		675D68E7DD46B09B534F75E0 /* [CP] Embed Pods Frameworks */ = {
			isa = PBXShellScriptBuildPhase;
			buildActionMask = 2147483647;
			files = (
			);
			inputPaths = (
			);
			name = "[CP] Embed Pods Frameworks";
			outputPaths = (
			);
			runOnlyForDeploymentPostprocessing = 0;
			shellPath = /bin/sh;
			shellScript = "\"${SRCROOT}/Pods/Target Support Files/Pods-JSPatchDemo/Pods-JSPatchDemo-frameworks.sh\"\n";
			showEnvVarsInLog = 0;
		};
		8FA4627BA519CE6E2A0E976F /* [CP] Copy Pods Resources */ = {
			isa = PBXShellScriptBuildPhase;
			buildActionMask = 2147483647;
			files = (
			);
			inputPaths = (
			);
			name = "[CP] Copy Pods Resources";
			outputPaths = (
			);
			runOnlyForDeploymentPostprocessing = 0;
			shellPath = /bin/sh;
			shellScript = "\"${SRCROOT}/Pods/Target Support Files/Pods-JSPatchDemo/Pods-JSPatchDemo-resources.sh\"\n";
			showEnvVarsInLog = 0;
		};
		C04B6458D80C640B0B4F243B /* [CP] Check Pods Manifest.lock */ = {
			isa = PBXShellScriptBuildPhase;
			buildActionMask = 2147483647;
			files = (
			);
			inputPaths = (
			);
			name = "[CP] Check Pods Manifest.lock";
			outputPaths = (
			);
			runOnlyForDeploymentPostprocessing = 0;
			shellPath = /bin/sh;
			shellScript = "diff \"${PODS_ROOT}/../Podfile.lock\" \"${PODS_ROOT}/Manifest.lock\" > /dev/null\nif [ $? != 0 ] ; then\n    # print error to STDERR\n    echo \"error: The sandbox is not in sync with the Podfile.lock. Run 'pod install' or update your CocoaPods installation.\" >&2\n    exit 1\nfi\n";
			showEnvVarsInLog = 0;
		};
/* End PBXShellScriptBuildPhase section */

/* Begin PBXSourcesBuildPhase section */
		1734E0011E67FE4500712ED0 /* Sources */ = {
			isa = PBXSourcesBuildPhase;
			buildActionMask = 2147483647;
			files = (
				1734E0101E67FE4500712ED0 /* ViewController.m in Sources */,
				1734E00D1E67FE4500712ED0 /* AppDelegate.m in Sources */,
				1734E00A1E67FE4500712ED0 /* main.m in Sources */,
			);
			runOnlyForDeploymentPostprocessing = 0;
		};
/* End PBXSourcesBuildPhase section */

/* Begin PBXVariantGroup section */
		1734E0161E67FE4500712ED0 /* LaunchScreen.storyboard */ = {
			isa = PBXVariantGroup;
			children = (
				1734E0171E67FE4500712ED0 /* Base */,
			);
			name = LaunchScreen.storyboard;
			sourceTree = "<group>";
		};
/* End PBXVariantGroup section */

/* Begin XCBuildConfiguration section */
		1734E01A1E67FE4600712ED0 /* Debug */ = {
			isa = XCBuildConfiguration;
			buildSettings = {
				ALWAYS_SEARCH_USER_PATHS = NO;
				CLANG_ANALYZER_NONNULL = YES;
				CLANG_CXX_LANGUAGE_STANDARD = "gnu++0x";
				CLANG_CXX_LIBRARY = "libc++";
				CLANG_ENABLE_MODULES = YES;
				CLANG_ENABLE_OBJC_ARC = YES;
				CLANG_WARN_BOOL_CONVERSION = YES;
				CLANG_WARN_CONSTANT_CONVERSION = YES;
				CLANG_WARN_DIRECT_OBJC_ISA_USAGE = YES_ERROR;
				CLANG_WARN_DOCUMENTATION_COMMENTS = YES;
				CLANG_WARN_EMPTY_BODY = YES;
				CLANG_WARN_ENUM_CONVERSION = YES;
				CLANG_WARN_INFINITE_RECURSION = YES;
				CLANG_WARN_INT_CONVERSION = YES;
				CLANG_WARN_OBJC_ROOT_CLASS = YES_ERROR;
				CLANG_WARN_SUSPICIOUS_MOVE = YES;
				CLANG_WARN_UNREACHABLE_CODE = YES;
				CLANG_WARN__DUPLICATE_METHOD_MATCH = YES;
				"CODE_SIGN_IDENTITY[sdk=iphoneos*]" = "iPhone Developer";
				COPY_PHASE_STRIP = NO;
				DEBUG_INFORMATION_FORMAT = dwarf;
				ENABLE_STRICT_OBJC_MSGSEND = YES;
				ENABLE_TESTABILITY = YES;
				GCC_C_LANGUAGE_STANDARD = gnu99;
				GCC_DYNAMIC_NO_PIC = NO;
				GCC_NO_COMMON_BLOCKS = YES;
				GCC_OPTIMIZATION_LEVEL = 0;
				GCC_PREPROCESSOR_DEFINITIONS = (
					"DEBUG=1",
					"$(inherited)",
				);
				GCC_WARN_64_TO_32_BIT_CONVERSION = YES;
				GCC_WARN_ABOUT_RETURN_TYPE = YES_ERROR;
				GCC_WARN_UNDECLARED_SELECTOR = YES;
				GCC_WARN_UNINITIALIZED_AUTOS = YES_AGGRESSIVE;
				GCC_WARN_UNUSED_FUNCTION = YES;
				GCC_WARN_UNUSED_VARIABLE = YES;
				IPHONEOS_DEPLOYMENT_TARGET = 10.2;
				MTL_ENABLE_DEBUG_INFO = YES;
				ONLY_ACTIVE_ARCH = YES;
				SDKROOT = iphoneos;
			};
			name = Debug;
		};
		1734E01B1E67FE4600712ED0 /* Release */ = {
			isa = XCBuildConfiguration;
			buildSettings = {
				ALWAYS_SEARCH_USER_PATHS = NO;
				CLANG_ANALYZER_NONNULL = YES;
				CLANG_CXX_LANGUAGE_STANDARD = "gnu++0x";
				CLANG_CXX_LIBRARY = "libc++";
				CLANG_ENABLE_MODULES = YES;
				CLANG_ENABLE_OBJC_ARC = YES;
				CLANG_WARN_BOOL_CONVERSION = YES;
				CLANG_WARN_CONSTANT_CONVERSION = YES;
				CLANG_WARN_DIRECT_OBJC_ISA_USAGE = YES_ERROR;
				CLANG_WARN_DOCUMENTATION_COMMENTS = YES;
				CLANG_WARN_EMPTY_BODY = YES;
				CLANG_WARN_ENUM_CONVERSION = YES;
				CLANG_WARN_INFINITE_RECURSION = YES;
				CLANG_WARN_INT_CONVERSION = YES;
				CLANG_WARN_OBJC_ROOT_CLASS = YES_ERROR;
				CLANG_WARN_SUSPICIOUS_MOVE = YES;
				CLANG_WARN_UNREACHABLE_CODE = YES;
				CLANG_WARN__DUPLICATE_METHOD_MATCH = YES;
				"CODE_SIGN_IDENTITY[sdk=iphoneos*]" = "iPhone Developer";
				COPY_PHASE_STRIP = NO;
				DEBUG_INFORMATION_FORMAT = "dwarf-with-dsym";
				ENABLE_NS_ASSERTIONS = NO;
				ENABLE_STRICT_OBJC_MSGSEND = YES;
				GCC_C_LANGUAGE_STANDARD = gnu99;
				GCC_NO_COMMON_BLOCKS = YES;
				GCC_WARN_64_TO_32_BIT_CONVERSION = YES;
				GCC_WARN_ABOUT_RETURN_TYPE = YES_ERROR;
				GCC_WARN_UNDECLARED_SELECTOR = YES;
				GCC_WARN_UNINITIALIZED_AUTOS = YES_AGGRESSIVE;
				GCC_WARN_UNUSED_FUNCTION = YES;
				GCC_WARN_UNUSED_VARIABLE = YES;
				IPHONEOS_DEPLOYMENT_TARGET = 10.2;
				MTL_ENABLE_DEBUG_INFO = NO;
				SDKROOT = iphoneos;
				VALIDATE_PRODUCT = YES;
			};
			name = Release;
		};
		1734E01D1E67FE4600712ED0 /* Debug */ = {
			isa = XCBuildConfiguration;
			baseConfigurationReference = 4FF825BD5CCD338E5898E12C /* Pods-JSPatchDemo.debug.xcconfig */;
			buildSettings = {
				ASSETCATALOG_COMPILER_APPICON_NAME = AppIcon;
				DEVELOPMENT_TEAM = NDN26Z77AT;
				INFOPLIST_FILE = JSPatchDemo/Info.plist;
				LD_RUNPATH_SEARCH_PATHS = "$(inherited) @executable_path/Frameworks";
				PRODUCT_BUNDLE_IDENTIFIER = libertyAir.JSPatchDemo;
				PRODUCT_NAME = "$(TARGET_NAME)";
			};
			name = Debug;
		};
		1734E01E1E67FE4600712ED0 /* Release */ = {
			isa = XCBuildConfiguration;
			baseConfigurationReference = 63598402EB92EB4ADFCF0CF1 /* Pods-JSPatchDemo.release.xcconfig */;
			buildSettings = {
				ASSETCATALOG_COMPILER_APPICON_NAME = AppIcon;
				DEVELOPMENT_TEAM = NDN26Z77AT;
				INFOPLIST_FILE = JSPatchDemo/Info.plist;
				LD_RUNPATH_SEARCH_PATHS = "$(inherited) @executable_path/Frameworks";
				PRODUCT_BUNDLE_IDENTIFIER = libertyAir.JSPatchDemo;
				PRODUCT_NAME = "$(TARGET_NAME)";
			};
			name = Release;
		};
/* End XCBuildConfiguration section */

/* Begin XCConfigurationList section */
		1734E0001E67FE4500712ED0 /* Build configuration list for PBXProject "JSPatchDemo" */ = {
			isa = XCConfigurationList;
			buildConfigurations = (
				1734E01A1E67FE4600712ED0 /* Debug */,
				1734E01B1E67FE4600712ED0 /* Release */,
			);
			defaultConfigurationIsVisible = 0;
			defaultConfigurationName = Release;
		};
		1734E01C1E67FE4600712ED0 /* Build configuration list for PBXNativeTarget "JSPatchDemo" */ = {
			isa = XCConfigurationList;
			buildConfigurations = (
				1734E01D1E67FE4600712ED0 /* Debug */,
				1734E01E1E67FE4600712ED0 /* Release */,
			);
			defaultConfigurationIsVisible = 0;
			defaultConfigurationName = Release;
		};
/* End XCConfigurationList section */
	};
	rootObject = 1734DFFD1E67FE4500712ED0 /* Project object */;
}
